
Microsoft Visual Studio Solution File, Format Version 12.00
# Visual Studio Version 17
VisualStudioVersion = 17.9.34607.119
MinimumVisualStudioVersion = 10.0.40219.1
Project("{FAE04EC0-301F-11D3-BF4B-00C04F79EFBC}") = "Business", "Business\Business.csproj", "{4F3D345D-411C-4D98-92FB-B26DE6733924}"
EndProject
Project("{FAE04EC0-301F-11D3-BF4B-00C04F79EFBC}") = "DataAccess", "DataAccess\DataAccess.csproj", "{FA2E9B75-BF66-4E6C-9884-FCEE645CCB8E}"
EndProject
Project("{FAE04EC0-301F-11D3-BF4B-00C04F79EFBC}") = "Entities", "Entities\Entities.csproj", "{31423EC3-D050-4C3A-8FB6-435918A466A4}"
EndProject
Project("{FAE04EC0-301F-11D3-BF4B-00C04F79EFBC}") = "Test", "Test\Test.csproj", "{D193598D-86CA-4F9A-B7D1-719535286A99}"
EndProject
Global
	GlobalSection(SolutionConfigurationPlatforms) = preSolution
		Debug|Any CPU = Debug|Any CPU
		Release|Any CPU = Release|Any CPU
	EndGlobalSection
	GlobalSection(ProjectConfigurationPlatforms) = postSolution
		{4F3D345D-411C-4D98-92FB-B26DE6733924}.Debug|Any CPU.ActiveCfg = Debug|Any CPU
		{4F3D345D-411C-4D98-92FB-B26DE6733924}.Debug|Any CPU.Build.0 = Debug|Any CPU
		{4F3D345D-411C-4D98-92FB-B26DE6733924}.Release|Any CPU.ActiveCfg = Release|Any CPU
		{4F3D345D-411C-4D98-92FB-B26DE6733924}.Release|Any CPU.Build.0 = Release|Any CPU
		{FA2E9B75-BF66-4E6C-9884-FCEE645CCB8E}.Debug|Any CPU.ActiveCfg = Debug|Any CPU
		{FA2E9B75-BF66-4E6C-9884-FCEE645CCB8E}.Debug|Any CPU.Build.0 = Debug|Any CPU
		{FA2E9B75-BF66-4E6C-9884-FCEE645CCB8E}.Release|Any CPU.ActiveCfg = Release|Any CPU
		{FA2E9B75-BF66-4E6C-9884-FCEE645CCB8E}.Release|Any CPU.Build.0 = Release|Any CPU
		{31423EC3-D050-4C3A-8FB6-435918A466A4}.Debug|Any CPU.ActiveCfg = Debug|Any CPU
		{31423EC3-D050-4C3A-8FB6-435918A466A4}.Debug|Any CPU.Build.0 = Debug|Any CPU
		{31423EC3-D050-4C3A-8FB6-435918A466A4}.Release|Any CPU.ActiveCfg = Release|Any CPU
		{31423EC3-D050-4C3A-8FB6-435918A466A4}.Release|Any CPU.Build.0 = Release|Any CPU
		{D193598D-86CA-4F9A-B7D1-719535286A99}.Debug|Any CPU.ActiveCfg = Debug|Any CPU
		{D193598D-86CA-4F9A-B7D1-719535286A99}.Debug|Any CPU.Build.0 = Debug|Any CPU
		{D193598D-86CA-4F9A-B7D1-719535286A99}.Release|Any CPU.ActiveCfg = Release|Any CPU
		{D193598D-86CA-4F9A-B7D1-719535286A99}.Release|Any CPU.Build.0 = Release|Any CPU
	EndGlobalSection
	GlobalSection(SolutionProperties) = preSolution
		HideSolutionNode = FALSE
	EndGlobalSection
	GlobalSection(ExtensibilityGlobals) = postSolution
		SolutionGuid = {31A4DD68-5AC7-4493-8A4A-F541BC29D54D}
	EndGlobalSection
EndGlobal
